# THIS IS AN AUTOGENERATED FILE. DO NOT EDIT THIS FILE DIRECTLY.
# yarn lockfile v1


"@tauri-apps/cli-linux-x64-gnu@1.2.2":
  "integrity" "sha512-4YTmfPuyvlHsvCkATDMwhklfuQm3HKxYXv/IOW9H0ra6pS9efVhrFYIC9Vfv6XaKN85Vnn/FYTEGMJLwCxZw2Q=="
  "resolved" "https://registry.npmjs.org/@tauri-apps/cli-linux-x64-gnu/-/cli-linux-x64-gnu-1.2.2.tgz"
  "version" "1.2.2"

"@tauri-apps/cli-linux-x64-musl@1.2.2":
  "integrity" "sha512-wr46tbscwFuCcA931R+ItOiUTT0djMmgKLd1HFCmFF82V9BKE2reIjr6O9l0NCXCo2WeD4pe3jA/Pt1dxDu+JA=="
  "resolved" "https://registry.npmjs.org/@tauri-apps/cli-linux-x64-musl/-/cli-linux-x64-musl-1.2.2.tgz"
  "version" "1.2.2"

"@tauri-apps/cli@^1.2.2":
  "integrity" "sha512-D8zib3A0vWCvPPSyYLxww/OdDlVcY7fpcDVBH6qUvheOjj2aCyU7H9AYMRBwpgCfz8zY5+vomee+laLeB0H13w=="
  "resolved" "https://registry.npmjs.org/@tauri-apps/cli/-/cli-1.2.2.tgz"
  "version" "1.2.2"
  optionalDependencies:
    "@tauri-apps/cli-darwin-arm64" "1.2.2"
    "@tauri-apps/cli-darwin-x64" "1.2.2"
    "@tauri-apps/cli-linux-arm-gnueabihf" "1.2.2"
    "@tauri-apps/cli-linux-arm64-gnu" "1.2.2"
    "@tauri-apps/cli-linux-arm64-musl" "1.2.2"
    "@tauri-apps/cli-linux-x64-gnu" "1.2.2"
    "@tauri-apps/cli-linux-x64-musl" "1.2.2"
    "@tauri-apps/cli-win32-ia32-msvc" "1.2.2"
    "@tauri-apps/cli-win32-x64-msvc" "1.2.2"
